// !$*UTF8*$!
{
	archiveVersion = 1;
	classes = {
	};
	objectVersion = 46;
	objects = {

/* Begin PBXBuildFile section */
		C305F0F31A3ECA4500F9BE44 /* Foundation.framework in Frameworks */ = {isa = PBXBuildFile; fileRef = C305F0F21A3ECA4500F9BE44 /* Foundation.framework */; };
		C305F0F51A3ECA4500F9BE44 /* CoreGraphics.framework in Frameworks */ = {isa = PBXBuildFile; fileRef = C305F0F41A3ECA4500F9BE44 /* CoreGraphics.framework */; };
		C305F0F71A3ECA4500F9BE44 /* UIKit.framework in Frameworks */ = {isa = PBXBuildFile; fileRef = C305F0F61A3ECA4500F9BE44 /* UIKit.framework */; };
		C305F0FD1A3ECA4500F9BE44 /* InfoPlist.strings in Resources */ = {isa = PBXBuildFile; fileRef = C305F0FB1A3ECA4500F9BE44 /* InfoPlist.strings */; };
		C305F0FF1A3ECA4500F9BE44 /* main.m in Sources */ = {isa = PBXBuildFile; fileRef = C305F0FE1A3ECA4500F9BE44 /* main.m */; };
		C305F1031A3ECA4500F9BE44 /* CCAppDelegate.m in Sources */ = {isa = PBXBuildFile; fileRef = C305F1021A3ECA4500F9BE44 /* CCAppDelegate.m */; };
		C305F1061A3ECA4500F9BE44 /* Main.storyboard in Resources */ = {isa = PBXBuildFile; fileRef = C305F1041A3ECA4500F9BE44 /* Main.storyboard */; };
		C305F1091A3ECA4500F9BE44 /* CCViewController.m in Sources */ = {isa = PBXBuildFile; fileRef = C305F1081A3ECA4500F9BE44 /* CCViewController.m */; };
		C305F10B1A3ECA4500F9BE44 /* Images.xcassets in Resources */ = {isa = PBXBuildFile; fileRef = C305F10A1A3ECA4500F9BE44 /* Images.xcassets */; };
		C305F1121A3ECA4500F9BE44 /* XCTest.framework in Frameworks */ = {isa = PBXBuildFile; fileRef = C305F1111A3ECA4500F9BE44 /* XCTest.framework */; };
		C305F1131A3ECA4500F9BE44 /* Foundation.framework in Frameworks */ = {isa = PBXBuildFile; fileRef = C305F0F21A3ECA4500F9BE44 /* Foundation.framework */; };
		C305F1141A3ECA4500F9BE44 /* UIKit.framework in Frameworks */ = {isa = PBXBuildFile; fileRef = C305F0F61A3ECA4500F9BE44 /* UIKit.framework */; };
		C305F11C1A3ECA4500F9BE44 /* InfoPlist.strings in Resources */ = {isa = PBXBuildFile; fileRef = C305F11A1A3ECA4500F9BE44 /* InfoPlist.strings */; };
		C305F11E1A3ECA4500F9BE44 /* Git_TestTests.m in Sources */ = {isa = PBXBuildFile; fileRef = C305F11D1A3ECA4500F9BE44 /* Git_TestTests.m */; };
/* End PBXBuildFile section */

/* Begin PBXContainerItemProxy section */
		C305F1151A3ECA4500F9BE44 /* PBXContainerItemProxy */ = {
			isa = PBXContainerItemProxy;
			containerPortal = C305F0E71A3ECA4500F9BE44 /* Project object */;
			proxyType = 1;
			remoteGlobalIDString = C305F0EE1A3ECA4500F9BE44;
			remoteInfo = "Git Test";
		};
/* End PBXContainerItemProxy section */

/* Begin PBXFileReference section */
		C305F0EF1A3ECA4500F9BE44 /* Git Test.app */ = {isa = PBXFileReference; explicitFileType = wrapper.application; includeInIndex = 0; path = "Git Test.app"; sourceTree = BUILT_PRODUCTS_DIR; };
		C305F0F21A3ECA4500F9BE44 /* Foundation.framework */ = {isa = PBXFileReference; lastKnownFileType = wrapper.framework; name = Foundation.framework; path = System/Library/Frameworks/Foundation.framework; sourceTree = SDKROOT; };
		C305F0F41A3ECA4500F9BE44 /* CoreGraphics.framework */ = {isa = PBXFileReference; lastKnownFileType = wrapper.framework; name = CoreGraphics.framework; path = System/Library/Frameworks/CoreGraphics.framework; sourceTree = SDKROOT; };
		C305F0F61A3ECA4500F9BE44 /* UIKit.framework */ = {isa = PBXFileReference; lastKnownFileType = wrapper.framework; name = UIKit.framework; path = System/Library/Frameworks/UIKit.framework; sourceTree = SDKROOT; };
		C305F0FA1A3ECA4500F9BE44 /* Git Test-Info.plist */ = {isa = PBXFileReference; lastKnownFileType = text.plist.xml; path = "Git Test-Info.plist"; sourceTree = "<group>"; };
		C305F0FC1A3ECA4500F9BE44 /* en */ = {isa = PBXFileReference; lastKnownFileType = text.plist.strings; name = en; path = en.lproj/InfoPlist.strings; sourceTree = "<group>"; };
		C305F0FE1A3ECA4500F9BE44 /* main.m */ = {isa = PBXFileReference; lastKnownFileType = sourcecode.c.objc; path = main.m; sourceTree = "<group>"; };
		C305F1001A3ECA4500F9BE44 /* Git Test-Prefix.pch */ = {isa = PBXFileReference; lastKnownFileType = sourcecode.c.h; path = "Git Test-Prefix.pch"; sourceTree = "<group>"; };
		C305F1011A3ECA4500F9BE44 /* CCAppDelegate.h */ = {isa = PBXFileReference; lastKnownFileType = sourcecode.c.h; path = CCAppDelegate.h; sourceTree = "<group>"; };
		C305F1021A3ECA4500F9BE44 /* CCAppDelegate.m */ = {isa = PBXFileReference; lastKnownFileType = sourcecode.c.objc; path = CCAppDelegate.m; sourceTree = "<group>"; };
		C305F1051A3ECA4500F9BE44 /* Base */ = {isa = PBXFileReference; lastKnownFileType = file.storyboard; name = Base; path = Base.lproj/Main.storyboard; sourceTree = "<group>"; };
		C305F1071A3ECA4500F9BE44 /* CCViewController.h */ = {isa = PBXFileReference; lastKnownFileType = sourcecode.c.h; path = CCViewController.h; sourceTree = "<group>"; };
		C305F1081A3ECA4500F9BE44 /* CCViewController.m */ = {isa = PBXFileReference; lastKnownFileType = sourcecode.c.objc; path = CCViewController.m; sourceTree = "<group>"; };
		C305F10A1A3ECA4500F9BE44 /* Images.xcassets */ = {isa = PBXFileReference; lastKnownFileType = folder.assetcatalog; path = Images.xcassets; sourceTree = "<group>"; };
		C305F1101A3ECA4500F9BE44 /* Git TestTests.xctest */ = {isa = PBXFileReference; explicitFileType = wrapper.cfbundle; includeInIndex = 0; path = "Git TestTests.xctest"; sourceTree = BUILT_PRODUCTS_DIR; };
		C305F1111A3ECA4500F9BE44 /* XCTest.framework */ = {isa = PBXFileReference; lastKnownFileType = wrapper.framework; name = XCTest.framework; path = Library/Frameworks/XCTest.framework; sourceTree = DEVELOPER_DIR; };
		C305F1191A3ECA4500F9BE44 /* Git TestTests-Info.plist */ = {isa = PBXFileReference; lastKnownFileType = text.plist.xml; path = "Git TestTests-Info.plist"; sourceTree = "<group>"; };
		C305F11B1A3ECA4500F9BE44 /* en */ = {isa = PBXFileReference; lastKnownFileType = text.plist.strings; name = en; path = en.lproj/InfoPlist.strings; sourceTree = "<group>"; };
		C305F11D1A3ECA4500F9BE44 /* Git_TestTests.m */ = {isa = PBXFileReference; lastKnownFileType = sourcecode.c.objc; path = Git_TestTests.m; sourceTree = "<group>"; };
/* End PBXFileReference section */

/* Begin PBXFrameworksBuildPhase section */
		C305F0EC1A3ECA4500F9BE44 /* Frameworks */ = {
			isa = PBXFrameworksBuildPhase;
			buildActionMask = 2147483647;
			files = (
				C305F0F51A3ECA4500F9BE44 /* CoreGraphics.framework in Frameworks */,
				C305F0F71A3ECA4500F9BE44 /* UIKit.framework in Frameworks */,
				C305F0F31A3ECA4500F9BE44 /* Foundation.framework in Frameworks */,
			);
			runOnlyForDeploymentPostprocessing = 0;
		};
		C305F10D1A3ECA4500F9BE44 /* Frameworks */ = {
			isa = PBXFrameworksBuildPhase;
			buildActionMask = 2147483647;
			files = (
				C305F1121A3ECA4500F9BE44 /* XCTest.framework in Frameworks */,
				C305F1141A3ECA4500F9BE44 /* UIKit.framework in Frameworks */,
				C305F1131A3ECA4500F9BE44 /* Foundation.framework in Frameworks */,
			);
			runOnlyForDeploymentPostprocessing = 0;
		};
/* End PBXFrameworksBuildPhase section */

/* Begin PBXGroup section */
		C305F0E61A3ECA4500F9BE44 = {
			isa = PBXGroup;
			children = (
				C305F0F81A3ECA4500F9BE44 /* Git Test */,
				C305F1171A3ECA4500F9BE44 /* Git TestTests */,
				C305F0F11A3ECA4500F9BE44 /* Frameworks */,
				C305F0F01A3ECA4500F9BE44 /* Products */,
			);
			sourceTree = "<group>";
		};
		C305F0F01A3ECA4500F9BE44 /* Products */ = {
			isa = PBXGroup;
			children = (
				C305F0EF1A3ECA4500F9BE44 /* Git Test.app */,
				C305F1101A3ECA4500F9BE44 /* Git TestTests.xctest */,
			);
			name = Products;
			sourceTree = "<group>";
		};
		C305F0F11A3ECA4500F9BE44 /* Frameworks */ = {
			isa = PBXGroup;
			children = (
				C305F0F21A3ECA4500F9BE44 /* Foundation.framework */,
				C305F0F41A3ECA4500F9BE44 /* CoreGraphics.framework */,
				C305F0F61A3ECA4500F9BE44 /* UIKit.framework */,
				C305F1111A3ECA4500F9BE44 /* XCTest.framework */,
			);
			name = Frameworks;
			sourceTree = "<group>";
		};
		C305F0F81A3ECA4500F9BE44 /* Git Test */ = {
			isa = PBXGroup;
			children = (
				C305F1011A3ECA4500F9BE44 /* CCAppDelegate.h */,
				C305F1021A3ECA4500F9BE44 /* CCAppDelegate.m */,
				C305F1041A3ECA4500F9BE44 /* Main.storyboard */,
				C305F1071A3ECA4500F9BE44 /* CCViewController.h */,
				C305F1081A3ECA4500F9BE44 /* CCViewController.m */,
				C305F10A1A3ECA4500F9BE44 /* Images.xcassets */,
				C305F0F91A3ECA4500F9BE44 /* Supporting Files */,
			);
			path = "Git Test";
			sourceTree = "<group>";
		};
		C305F0F91A3ECA4500F9BE44 /* Supporting Files */ = {
			isa = PBXGroup;
			children = (
				C305F0FA1A3ECA4500F9BE44 /* Git Test-Info.plist */,
				C305F0FB1A3ECA4500F9BE44 /* InfoPlist.strings */,
				C305F0FE1A3ECA4500F9BE44 /* main.m */,
				C305F1001A3ECA4500F9BE44 /* Git Test-Prefix.pch */,
			);
			name = "Supporting Files";
			sourceTree = "<group>";
		};
		C305F1171A3ECA4500F9BE44 /* Git TestTests */ = {
			isa = PBXGroup;
			children = (
				C305F11D1A3ECA4500F9BE44 /* Git_TestTests.m */,
				C305F1181A3ECA4500F9BE44 /* Supporting Files */,
			);
			path = "Git TestTests";
			sourceTree = "<group>";
		};
		C305F1181A3ECA4500F9BE44 /* Supporting Files */ = {
			isa = PBXGroup;
			children = (
				C305F1191A3ECA4500F9BE44 /* Git TestTests-Info.plist */,
				C305F11A1A3ECA4500F9BE44 /* InfoPlist.strings */,
			);
			name = "Supporting Files";
			sourceTree = "<group>";
		};
/* End PBXGroup section */

/* Begin PBXNativeTarget section */
		C305F0EE1A3ECA4500F9BE44 /* Git Test */ = {
			isa = PBXNativeTarget;
			buildConfigurationList = C305F1211A3ECA4500F9BE44 /* Build configuration list for PBXNativeTarget "Git Test" */;
			buildPhases = (
				C305F0EB1A3ECA4500F9BE44 /* Sources */,
				C305F0EC1A3ECA4500F9BE44 /* Frameworks */,
				C305F0ED1A3ECA4500F9BE44 /* Resources */,
			);
			buildRules = (
			);
			dependencies = (
			);
			name = "Git Test";
			productName = "Git Test";
			productReference = C305F0EF1A3ECA4500F9BE44 /* Git Test.app */;
			productType = "com.apple.product-type.application";
		};
		C305F10F1A3ECA4500F9BE44 /* Git TestTests */ = {
			isa = PBXNativeTarget;
			buildConfigurationList = C305F1241A3ECA4500F9BE44 /* Build configuration list for PBXNativeTarget "Git TestTests" */;
			buildPhases = (
				C305F10C1A3ECA4500F9BE44 /* Sources */,
				C305F10D1A3ECA4500F9BE44 /* Frameworks */,
				C305F10E1A3ECA4500F9BE44 /* Resources */,
			);
			buildRules = (
			);
			dependencies = (
				C305F1161A3ECA4500F9BE44 /* PBXTargetDependency */,
			);
			name = "Git TestTests";
			productName = "Git TestTests";
			productReference = C305F1101A3ECA4500F9BE44 /* Git TestTests.xctest */;
			productType = "com.apple.product-type.bundle.unit-test";
		};
/* End PBXNativeTarget section */

/* Begin PBXProject section */
		C305F0E71A3ECA4500F9BE44 /* Project object */ = {
			isa = PBXProject;
			attributes = {
				CLASSPREFIX = CC;
				LastUpgradeCheck = 0510;
				ORGANIZATIONNAME = Morytala;
				TargetAttributes = {
					C305F10F1A3ECA4500F9BE44 = {
						TestTargetID = C305F0EE1A3ECA4500F9BE44;
					};
				};
			};
			buildConfigurationList = C305F0EA1A3ECA4500F9BE44 /* Build configuration list for PBXProject "Git Test" */;
			compatibilityVersion = "Xcode 3.2";
			developmentRegion = English;
			hasScannedForEncodings = 0;
			knownRegions = (
				en,
				Base,
			);
			mainGroup = C305F0E61A3ECA4500F9BE44;
			productRefGroup = C305F0F01A3ECA4500F9BE44 /* Products */;
			projectDirPath = "";
			projectRoot = "";
			targets = (
				C305F0EE1A3ECA4500F9BE44 /* Git Test */,
				C305F10F1A3ECA4500F9BE44 /* Git TestTests */,
			);
		};
/* End PBXProject section */

/* Begin PBXResourcesBuildPhase section */
		C305F0ED1A3ECA4500F9BE44 /* Resources */ = {
			isa = PBXResourcesBuildPhase;
			buildActionMask = 2147483647;
			files = (
				C305F10B1A3ECA4500F9BE44 /* Images.xcassets in Resources */,
				C305F0FD1A3ECA4500F9BE44 /* InfoPlist.strings in Resources */,
				C305F1061A3ECA4500F9BE44 /* Main.storyboard in Resources */,
			);
			runOnlyForDeploymentPostprocessing = 0;
		};
		C305F10E1A3ECA4500F9BE44 /* Resources */ = {
			isa = PBXResourcesBuildPhase;
			buildActionMask = 2147483647;
			files = (
				C305F11C1A3ECA4500F9BE44 /* InfoPlist.strings in Resources */,
			);
			runOnlyForDeploymentPostprocessing = 0;
		};
/* End PBXResourcesBuildPhase section */

/* Begin PBXSourcesBuildPhase section */
		C305F0EB1A3ECA4500F9BE44 /* Sources */ = {
			isa = PBXSourcesBuildPhase;
			buildActionMask = 2147483647;
			files = (
				C305F1031A3ECA4500F9BE44 /* CCAppDelegate.m in Sources */,
				C305F0FF1A3ECA4500F9BE44 /* main.m in Sources */,
				C305F1091A3ECA4500F9BE44 /* CCViewController.m in Sources */,
			);
			runOnlyForDeploymentPostprocessing = 0;
		};
		C305F10C1A3ECA4500F9BE44 /* Sources */ = {
			isa = PBXSourcesBuildPhase;
			buildActionMask = 2147483647;
			files = (
				C305F11E1A3ECA4500F9BE44 /* Git_TestTests.m in Sources */,
			);
			runOnlyForDeploymentPostprocessing = 0;
		};
/* End PBXSourcesBuildPhase section */

/* Begin PBXTargetDependency section */
		C305F1161A3ECA4500F9BE44 /* PBXTargetDependency */ = {
			isa = PBXTargetDependency;
			target = C305F0EE1A3ECA4500F9BE44 /* Git Test */;
			targetProxy = C305F1151A3ECA4500F9BE44 /* PBXContainerItemProxy */;
		};
/* End PBXTargetDependency section */

/* Begin PBXVariantGroup section */
		C305F0FB1A3ECA4500F9BE44 /* InfoPlist.strings */ = {
			isa = PBXVariantGroup;
			children = (
				C305F0FC1A3ECA4500F9BE44 /* en */,
			);
			name = InfoPlist.strings;
			sourceTree = "<group>";
		};
		C305F1041A3ECA4500F9BE44 /* Main.storyboard */ = {
			isa = PBXVariantGroup;
			children = (
				C305F1051A3ECA4500F9BE44 /* Base */,
			);
			name = Main.storyboard;
			sourceTree = "<group>";
		};
		C305F11A1A3ECA4500F9BE44 /* InfoPlist.strings */ = {
			isa = PBXVariantGroup;
			children = (
				C305F11B1A3ECA4500F9BE44 /* en */,
			);
			name = InfoPlist.strings;
			sourceTree = "<group>";
		};
/* End PBXVariantGroup section */

/* Begin XCBuildConfiguration section */
		C305F11F1A3ECA4500F9BE44 /* Debug */ = {
			isa = XCBuildConfiguration;
			buildSettings = {
				ALWAYS_SEARCH_USER_PATHS = NO;
				CLANG_CXX_LANGUAGE_STANDARD = "gnu++0x";
				CLANG_CXX_LIBRARY = "libc++";
				CLANG_ENABLE_MODULES = YES;
				CLANG_ENABLE_OBJC_ARC = YES;
				CLANG_WARN_BOOL_CONVERSION = YES;
				CLANG_WARN_CONSTANT_CONVERSION = YES;
				CLANG_WARN_DIRECT_OBJC_ISA_USAGE = YES_ERROR;
				CLANG_WARN_EMPTY_BODY = YES;
				CLANG_WARN_ENUM_CONVERSION = YES;
				CLANG_WARN_INT_CONVERSION = YES;
				CLANG_WARN_OBJC_ROOT_CLASS = YES_ERROR;
				CLANG_WARN__DUPLICATE_METHOD_MATCH = YES;
				"CODE_SIGN_IDENTITY[sdk=iphoneos*]" = "iPhone Developer";
				COPY_PHASE_STRIP = NO;
				GCC_C_LANGUAGE_STANDARD = gnu99;
				GCC_DYNAMIC_NO_PIC = NO;
				GCC_OPTIMIZATION_LEVEL = 0;
				GCC_PREPROCESSOR_DEFINITIONS = (
					"DEBUG=1",
					"$(inherited)",
				);
				GCC_SYMBOLS_PRIVATE_EXTERN = NO;
				GCC_WARN_64_TO_32_BIT_CONVERSION = YES;
				GCC_WARN_ABOUT_RETURN_TYPE = YES_ERROR;
				GCC_WARN_UNDECLARED_SELECTOR = YES;
				GCC_WARN_UNINITIALIZED_AUTOS = YES_AGGRESSIVE;
				GCC_WARN_UNUSED_FUNCTION = YES;
				GCC_WARN_UNUSED_VARIABLE = YES;
				IPHONEOS_DEPLOYMENT_TARGET = 7.1;
				ONLY_ACTIVE_ARCH = YES;
				SDKROOT = iphoneos;
			};
			name = Debug;
		};
		C305F1201A3ECA4500F9BE44 /* Release */ = {
			isa = XCBuildConfiguration;
			buildSettings = {
				ALWAYS_SEARCH_USER_PATHS = NO;
				CLANG_CXX_LANGUAGE_STANDARD = "gnu++0x";
				CLANG_CXX_LIBRARY = "libc++";
				CLANG_ENABLE_MODULES = YES;
				CLANG_ENABLE_OBJC_ARC = YES;
				CLANG_WARN_BOOL_CONVERSION = YES;
				CLANG_WARN_CONSTANT_CONVERSION = YES;
				CLANG_WARN_DIRECT_OBJC_ISA_USAGE = YES_ERROR;
				CLANG_WARN_EMPTY_BODY = YES;
				CLANG_WARN_ENUM_CONVERSION = YES;
				CLANG_WARN_INT_CONVERSION = YES;
				CLANG_WARN_OBJC_ROOT_CLASS = YES_ERROR;
				CLANG_WARN__DUPLICATE_METHOD_MATCH = YES;
				"CODE_SIGN_IDENTITY[sdk=iphoneos*]" = "iPhone Developer";
				COPY_PHASE_STRIP = YES;
				ENABLE_NS_ASSERTIONS = NO;
				GCC_C_LANGUAGE_STANDARD = gnu99;
				GCC_WARN_64_TO_32_BIT_CONVERSION = YES;
				GCC_WARN_ABOUT_RETURN_TYPE = YES_ERROR;
				GCC_WARN_UNDECLARED_SELECTOR = YES;
				GCC_WARN_UNINITIALIZED_AUTOS = YES_AGGRESSIVE;
				GCC_WARN_UNUSED_FUNCTION = YES;
				GCC_WARN_UNUSED_VARIABLE = YES;
				IPHONEOS_DEPLOYMENT_TARGET = 7.1;
				SDKROOT = iphoneos;
				VALIDATE_PRODUCT = YES;
			};
			name = Release;
		};
		C305F1221A3ECA4500F9BE44 /* Debug */ = {
			isa = XCBuildConfiguration;
			buildSettings = {
				ASSETCATALOG_COMPILER_APPICON_NAME = AppIcon;
				ASSETCATALOG_COMPILER_LAUNCHIMAGE_NAME = LaunchImage;
				GCC_PRECOMPILE_PREFIX_HEADER = YES;
				GCC_PREFIX_HEADER = "Git Test/Git Test-Prefix.pch";
				INFOPLIST_FILE = "Git Test/Git Test-Info.plist";
				PRODUCT_NAME = "$(TARGET_NAME)";
				WRAPPER_EXTENSION = app;
			};
			name = Debug;
		};
		C305F1231A3ECA4500F9BE44 /* Release */ = {
			isa = XCBuildConfiguration;
			buildSettings = {
				ASSETCATALOG_COMPILER_APPICON_NAME = AppIcon;
				ASSETCATALOG_COMPILER_LAUNCHIMAGE_NAME = LaunchImage;
				GCC_PRECOMPILE_PREFIX_HEADER = YES;
				GCC_PREFIX_HEADER = "Git Test/Git Test-Prefix.pch";
				INFOPLIST_FILE = "Git Test/Git Test-Info.plist";
				PRODUCT_NAME = "$(TARGET_NAME)";
				WRAPPER_EXTENSION = app;
			};
			name = Release;
		};
		C305F1251A3ECA4500F9BE44 /* Debug */ = {
			isa = XCBuildConfiguration;
			buildSettings = {
				BUNDLE_LOADER = "$(BUILT_PRODUCTS_DIR)/Git Test.app/Git Test";
				FRAMEWORK_SEARCH_PATHS = (
					"$(SDKROOT)/Developer/Library/Frameworks",
					"$(inherited)",
					"$(DEVELOPER_FRAMEWORKS_DIR)",
				);
				GCC_PRECOMPILE_PREFIX_HEADER = YES;
				GCC_PREFIX_HEADER = "Git Test/Git Test-Prefix.pch";
				GCC_PREPROCESSOR_DEFINITIONS = (
					"DEBUG=1",
					"$(inherited)",
				);
				INFOPLIST_FILE = "Git TestTests/Git TestTests-Info.plist";
				PRODUCT_NAME = "$(TARGET_NAME)";
				TEST_HOST = "$(BUNDLE_LOADER)";
				WRAPPER_EXTENSION = xctest;
			};
			name = Debug;
		};
		C305F1261A3ECA4500F9BE44 /* Release */ = {
			isa = XCBuildConfiguration;
			buildSettings = {
				BUNDLE_LOADER = "$(BUILT_PRODUCTS_DIR)/Git Test.app/Git Test";
				FRAMEWORK_SEARCH_PATHS = (
					"$(SDKROOT)/Developer/Library/Frameworks",
					"$(inherited)",
					"$(DEVELOPER_FRAMEWORKS_DIR)",
				);
				GCC_PRECOMPILE_PREFIX_HEADER = YES;
				GCC_PREFIX_HEADER = "Git Test/Git Test-Prefix.pch";
				INFOPLIST_FILE = "Git TestTests/Git TestTests-Info.plist";
				PRODUCT_NAME = "$(TARGET_NAME)";
				TEST_HOST = "$(BUNDLE_LOADER)";
				WRAPPER_EXTENSION = xctest;
			};
			name = Release;
		};
/* End XCBuildConfiguration section */

/* Begin XCConfigurationList section */
		C305F0EA1A3ECA4500F9BE44 /* Build configuration list for PBXProject "Git Test" */ = {
			isa = XCConfigurationList;
			buildConfigurations = (
				C305F11F1A3ECA4500F9BE44 /* Debug */,
				C305F1201A3ECA4500F9BE44 /* Release */,
			);
			defaultConfigurationIsVisible = 0;
			defaultConfigurationName = Release;
		};
		C305F1211A3ECA4500F9BE44 /* Build configuration list for PBXNativeTarget "Git Test" */ = {
			isa = XCConfigurationList;
			buildConfigurations = (
				C305F1221A3ECA4500F9BE44 /* Debug */,
				C305F1231A3ECA4500F9BE44 /* Release */,
			);
			defaultConfigurationIsVisible = 0;
		};
		C305F1241A3ECA4500F9BE44 /* Build configuration list for PBXNativeTarget "Git TestTests" */ = {
			isa = XCConfigurationList;
			buildConfigurations = (
				C305F1251A3ECA4500F9BE44 /* Debug */,
				C305F1261A3ECA4500F9BE44 /* Release */,
			);
			defaultConfigurationIsVisible = 0;
		};
/* End XCConfigurationList section */
	};
	rootObject = C305F0E71A3ECA4500F9BE44 /* Project object */;
}
